{
  "name": "build-buf-action",
  "requires": true,
  "lockfileVersion": 1,
  "dependencies": {
    "ory-prettier-styles": {
      "version": "1.1.1",
      "resolved": "https://registry.npmjs.org/ory-prettier-styles/-/ory-prettier-styles-1.1.1.tgz",
      "integrity": "sha512-Kv5GUQw0nFDO6w/HcIMNQAh75QeG4ZhrpNuRJaHSlsTvTx9rwpr+bVfeXrhXQsovUW51PF6OvLW3LA0AdDdSzw==",
      "dev": true
    },
    "prettier": {
      "version": "2.2.0",
      "resolved": "https://registry.npmjs.org/prettier/-/prettier-2.2.0.tgz",
      "integrity": "sha512-yYerpkvseM4iKD/BXLYUkQV5aKt4tQPqaGW6EsZjzyu0r7sVZZNPJW4Y8MyKmicp6t42XUPcBVA+H6sB3gqndw==",
      "dev": true
    }
  }
}
